
Microsoft Visual Studio Solution File, Format Version 12.00
# Visual Studio 14
VisualStudioVersion = 14.0.25123.0
MinimumVisualStudioVersion = 10.0.40219.1
Project("{FAE04EC0-301F-11D3-BF4B-00C04F79EFBC}") = "Warsmiths.Common", "Warsmiths.Common.csproj", "{96BE4612-C41F-499D-ADCC-B113B10B2040}"
EndProject
Global
	GlobalSection(SolutionConfigurationPlatforms) = preSolution
		Debug|Any CPU = Debug|Any CPU
		DebugDeploy|Any CPU = DebugDeploy|Any CPU
		Release|Any CPU = Release|Any CPU
	EndGlobalSection
	GlobalSection(ProjectConfigurationPlatforms) = postSolution
		{96BE4612-C41F-499D-ADCC-B113B10B2040}.Debug|Any CPU.ActiveCfg = Debug|Any CPU
		{96BE4612-C41F-499D-ADCC-B113B10B2040}.Debug|Any CPU.Build.0 = Debug|Any CPU
		{96BE4612-C41F-499D-ADCC-B113B10B2040}.DebugDeploy|Any CPU.ActiveCfg = DebugDeploy|Any CPU
		{96BE4612-C41F-499D-ADCC-B113B10B2040}.DebugDeploy|Any CPU.Build.0 = DebugDeploy|Any CPU
		{96BE4612-C41F-499D-ADCC-B113B10B2040}.Release|Any CPU.ActiveCfg = Release|Any CPU
		{96BE4612-C41F-499D-ADCC-B113B10B2040}.Release|Any CPU.Build.0 = Release|Any CPU
	EndGlobalSection
	GlobalSection(SolutionProperties) = preSolution
		HideSolutionNode = FALSE
	EndGlobalSection
EndGlobal
